
Microsoft Visual Studio Solution File, Format Version 10.00
# Visual Studio 2008
Project("{8BC9CEB8-8B4A-11D0-8D11-00A0C91BC942}") = "llthreads", "llthreads.vcproj", "{60F3B657-C1F7-47F7-B159-3EEEA6B1220D}"
EndProject
Global
	GlobalSection(SolutionConfigurationPlatforms) = preSolution
		Debug|Win32 = Debug|Win32
		Release|Win32 = Release|Win32
	EndGlobalSection
	GlobalSection(ProjectConfigurationPlatforms) = postSolution
		{60F3B657-C1F7-47F7-B159-3EEEA6B1220D}.Debug|Win32.ActiveCfg = Debug|Win32
		{60F3B657-C1F7-47F7-B159-3EEEA6B1220D}.Debug|Win32.Build.0 = Debug|Win32
		{60F3B657-C1F7-47F7-B159-3EEEA6B1220D}.Release|Win32.ActiveCfg = Release|Win32
		{60F3B657-C1F7-47F7-B159-3EEEA6B1220D}.Release|Win32.Build.0 = Release|Win32
	EndGlobalSection
	GlobalSection(SolutionProperties) = preSolution
		HideSolutionNode = FALSE
	EndGlobalSection
EndGlobal
